{
	"name": "object_editor_example",
	"version": "1.0.0",
	"lockfileVersion": 3,
	"requires": true,
	"packages": {
		"": {
			"name": "object_editor_example",
			"version": "1.0.0",
			"license": "MIT",
			"dependencies": {
				"pict": "^1.0.348",
				"pict-application": "^1.0.19",
				"pict-view": "^1.0.66"
			}
		},
		"node_modules/async.eachlimit": {
			"version": "0.5.2",
			"resolved": "https://registry.npmjs.org/async.eachlimit/-/async.eachlimit-0.5.2.tgz",
			"integrity": "sha512-emWKSFjCbXnrCJfM2NBMyriJQrdem+LrchiMQtCavBQnJ80N2C7IBhUz8vXnjYYh+aAkY0zZSofNxVYJMTDMIw==",
			"license": "MIT",
			"dependencies": {
				"async.util.eachoflimit": "0.5.2",
				"async.util.withoutindex": "0.5.2"
			}
		},
		"node_modules/async.iterator": {
			"version": "0.5.2",
			"resolved": "https://registry.npmjs.org/async.iterator/-/async.iterator-0.5.2.tgz",
			"integrity": "sha512-Ryg+D9tPYvcHbI3HknGfd6cgQaevwv/9lBpa3KbFrNWDcpsvc4BbpQLGpvaLNCJXM0Uzty/GDKuI2XktiIe0Ng==",
			"license": "MIT"
		},
		"node_modules/async.util.eachoflimit": {
			"version": "0.5.2",
			"resolved": "https://registry.npmjs.org/async.util.eachoflimit/-/async.util.eachoflimit-0.5.2.tgz",
			"integrity": "sha512-oZksH0sBW0AEOJKgBCQ79io9DZruoRBLTAea/Ik36pejR7pDpByvtXeuJsoZdPwSVslsrQcsUfucbUaiXYBnAQ==",
			"license": "MIT",
			"dependencies": {
				"async.util.keyiterator": "0.5.2",
				"async.util.noop": "0.5.2",
				"async.util.once": "0.5.2",
				"async.util.onlyonce": "0.5.2"
			}
		},
		"node_modules/async.util.ensureasync": {
			"version": "0.5.2",
			"resolved": "https://registry.npmjs.org/async.util.ensureasync/-/async.util.ensureasync-0.5.2.tgz",
			"integrity": "sha512-sQufNz4JYLHO/7ZUklaTGJtiX36gCp28McNNcMZfVYPm/wqi1pKk4xRCPr2DOZDM6KfA54zjG36jQjBU2mLzXg==",
			"license": "MIT",
			"dependencies": {
				"async.util.restparam": "0.5.2",
				"async.util.setimmediate": "0.5.2"
			}
		},
		"node_modules/async.util.isarray": {
			"version": "0.5.2",
			"resolved": "https://registry.npmjs.org/async.util.isarray/-/async.util.isarray-0.5.2.tgz",
			"integrity": "sha512-wbUzlrwON8RUgi+v/rhF0U99Ce8Osjcn+JP/mFNg6ymvShcobAOvE6cvLajSY5dPqKCOE1xfdhefgBif11zZgw==",
			"license": "MIT"
		},
		"node_modules/async.util.isarraylike": {
			"version": "0.5.2",
			"resolved": "https://registry.npmjs.org/async.util.isarraylike/-/async.util.isarraylike-0.5.2.tgz",
			"integrity": "sha512-DbFpsz3ZFNkohAW8IpGTlm8gotU32zpqe3Y2XkEA/G3XNO6rmUTKPpo7XgXUruoI+AsGi8+0zWpJHe7t1sLiAg==",
			"license": "MIT",
			"dependencies": {
				"async.util.isarray": "0.5.2"
			}
		},
		"node_modules/async.util.keyiterator": {
			"version": "0.5.2",
			"resolved": "https://registry.npmjs.org/async.util.keyiterator/-/async.util.keyiterator-0.5.2.tgz",
			"integrity": "sha512-cktrETawCwgu13y3KZs2uMGFnNHc+IjKPZsavtRaoCjLELkePb2co4zrr+ghPvEqLXZIJPTKqC2HFZgJTssMVw==",
			"license": "MIT",
			"dependencies": {
				"async.util.isarraylike": "0.5.2",
				"async.util.keys": "0.5.2"
			}
		},
		"node_modules/async.util.keys": {
			"version": "0.5.2",
			"resolved": "https://registry.npmjs.org/async.util.keys/-/async.util.keys-0.5.2.tgz",
			"integrity": "sha512-umCOCRCRYwIC2Ho3fbuhKwIIe7OhQsVoVKGoF5GoQiGJUmjP4TG0Bmmcdpm7yW/znoIGKpnjKzVQz0niH4tfqw==",
			"license": "MIT"
		},
		"node_modules/async.util.noop": {
			"version": "0.5.2",
			"resolved": "https://registry.npmjs.org/async.util.noop/-/async.util.noop-0.5.2.tgz",
			"integrity": "sha512-AdwShXwE0KoskgqVJAck8zcM32nIHj3AC8ZN62ZaR5srhrY235Nw18vOJZWxcOfhxdVM0hRVKM8kMx7lcl7cCQ==",
			"license": "MIT"
		},
		"node_modules/async.util.once": {
			"version": "0.5.2",
			"resolved": "https://registry.npmjs.org/async.util.once/-/async.util.once-0.5.2.tgz",
			"integrity": "sha512-YQ5WPzDTt2jlblUDkq2I5RV/KiAJErJ4/0cEFhYPaZzqIuF/xDzdGvnEKe7UeuoMszsVPeajzcpKgkbwdb9MUA==",
			"license": "MIT"
		},
		"node_modules/async.util.onlyonce": {
			"version": "0.5.2",
			"resolved": "https://registry.npmjs.org/async.util.onlyonce/-/async.util.onlyonce-0.5.2.tgz",
			"integrity": "sha512-UgQvkU9JZ+I0Cm1f56XyGXcII+J3d/5XWUuHpcevlItuA3WFSJcqZrsyAUck2FkRSD8BwYQX1zUTDp3SJMVESg==",
			"license": "MIT"
		},
		"node_modules/async.util.restparam": {
			"version": "0.5.2",
			"resolved": "https://registry.npmjs.org/async.util.restparam/-/async.util.restparam-0.5.2.tgz",
			"integrity": "sha512-Q9Z+zgmtMxFX5i7CnBvNOkgrL5hptztCqwarQluyNudUUk4iCmyjmsQl8MuQEjNh3gGqP5ayvDaextL1VXXgIg==",
			"license": "MIT"
		},
		"node_modules/async.util.setimmediate": {
			"version": "0.5.2",
			"resolved": "https://registry.npmjs.org/async.util.setimmediate/-/async.util.setimmediate-0.5.2.tgz",
			"integrity": "sha512-aCYF85ZFCQ9Xn0106GcOVx+LvFguIIzfbfRTOlQoie3G4KeSjURfA6f7CfpFAF09FNP2A1MtdjeFdvYeTGDebw==",
			"license": "MIT"
		},
		"node_modules/async.util.withoutindex": {
			"version": "0.5.2",
			"resolved": "https://registry.npmjs.org/async.util.withoutindex/-/async.util.withoutindex-0.5.2.tgz",
			"integrity": "sha512-CTHbQc+1kHkK6izoXIVIiYjePgmAzvXecETn/eVuzhwL9BDC3oFLNiIrr57fKwyarZyy8PedVIpQNrqgA9KzNA==",
			"license": "MIT"
		},
		"node_modules/async.waterfall": {
			"version": "0.5.2",
			"resolved": "https://registry.npmjs.org/async.waterfall/-/async.waterfall-0.5.2.tgz",
			"integrity": "sha512-3eC5jwgBF0/CNTAwBQYCMybqd6ResDwsdyl3+i5qf1L7fYekVR5gbMzpBca7VoZj1W0BFsHcvjW3UeJstEt2kQ==",
			"license": "MIT",
			"dependencies": {
				"async.iterator": "0.5.2",
				"async.util.ensureasync": "0.5.2",
				"async.util.isarray": "0.5.2",
				"async.util.noop": "0.5.2",
				"async.util.once": "0.5.2",
				"async.util.restparam": "0.5.2"
			}
		},
		"node_modules/big.js": {
			"version": "7.0.1",
			"resolved": "https://registry.npmjs.org/big.js/-/big.js-7.0.1.tgz",
			"integrity": "sha512-iFgV784tD8kq4ccF1xtNMZnXeZzVuXWWM+ERFzKQjv+A5G9HC8CY3DuV45vgzFFcW+u2tIvmF95+AzWgs6BjCg==",
			"license": "MIT",
			"engines": {
				"node": "*"
			},
			"funding": {
				"type": "opencollective",
				"url": "https://opencollective.com/bigjs"
			}
		},
		"node_modules/cachetrax": {
			"version": "1.0.5",
			"resolved": "https://registry.npmjs.org/cachetrax/-/cachetrax-1.0.5.tgz",
			"integrity": "sha512-KnFlaE3Gd93rB7FV+7WtpV05CT8DA2MquUrgOUVHlcvC6W4/jfVRt+AVaWS2C3vr9+pdgwHceY7+dHpWaaNHBQ==",
			"license": "MIT",
			"dependencies": {
				"fable-serviceproviderbase": "^3.0.18"
			}
		},
		"node_modules/cookie": {
			"version": "1.1.1",
			"resolved": "https://registry.npmjs.org/cookie/-/cookie-1.1.1.tgz",
			"integrity": "sha512-ei8Aos7ja0weRpFzJnEA9UHJ/7XQmqglbRwnf2ATjcB9Wq874VKH9kfjjirM6UhU2/E5fFYadylyhFldcqSidQ==",
			"license": "MIT",
			"engines": {
				"node": ">=18"
			},
			"funding": {
				"type": "opencollective",
				"url": "https://opencollective.com/express"
			}
		},
		"node_modules/data-arithmatic": {
			"version": "1.0.7",
			"resolved": "https://registry.npmjs.org/data-arithmatic/-/data-arithmatic-1.0.7.tgz",
			"integrity": "sha512-Z1SBuORrjrlCx9AAx2Cy4yBYrsqtKEz7BzdcLWLMT/t78q3N5/4qjA+63zeMYUAvp9EsIKfQ8X0++Ls9xwaLag==",
			"license": "MIT",
			"dependencies": {
				"fable-serviceproviderbase": "^3.0.2"
			}
		},
		"node_modules/dayjs": {
			"version": "1.11.19",
			"resolved": "https://registry.npmjs.org/dayjs/-/dayjs-1.11.19.tgz",
			"integrity": "sha512-t5EcLVS6QPBNqM2z8fakk/NKel+Xzshgt8FFKAn+qwlD1pzZWxh0nVCrvFK7ZDb6XucZeF9z8C7CBWTRIVApAw==",
			"license": "MIT"
		},
		"node_modules/decompress-response": {
			"version": "6.0.0",
			"resolved": "https://registry.npmjs.org/decompress-response/-/decompress-response-6.0.0.tgz",
			"integrity": "sha512-aW35yZM6Bb/4oJlZncMH2LCoZtJXTRxES17vE3hoRiowU2kWHaJKFkSBDnDR+cm9J+9QhXmREyIfv0pji9ejCQ==",
			"license": "MIT",
			"dependencies": {
				"mimic-response": "^3.1.0"
			},
			"engines": {
				"node": ">=10"
			},
			"funding": {
				"url": "https://github.com/sponsors/sindresorhus"
			}
		},
		"node_modules/fable": {
			"version": "3.1.58",
			"resolved": "https://registry.npmjs.org/fable/-/fable-3.1.58.tgz",
			"integrity": "sha512-zeSmk2JA02LBDKdUm7R+tb1G+WQluwSpzs5RkjTWKpPPvDbvdDxlnGfcLc2yoyLZUZH/Dx29F6lr38uJ2zQmJw==",
			"license": "MIT",
			"dependencies": {
				"async.eachlimit": "^0.5.2",
				"async.waterfall": "^0.5.2",
				"big.js": "^7.0.1",
				"cachetrax": "^1.0.5",
				"cookie": "^1.1.1",
				"data-arithmatic": "^1.0.7",
				"dayjs": "^1.11.19",
				"fable-log": "^3.0.17",
				"fable-serviceproviderbase": "^3.0.18",
				"fable-settings": "^3.0.15",
				"fable-uuid": "^3.0.12",
				"manyfest": "^1.0.46",
				"simple-get": "^4.0.1"
			}
		},
		"node_modules/fable-log": {
			"version": "3.0.17",
			"resolved": "https://registry.npmjs.org/fable-log/-/fable-log-3.0.17.tgz",
			"integrity": "sha512-QmtxiOGXnIDy3UiIAVhXflnn6hwl0mzz9hm1643gSIVhMLmdHkCs066VMYVAPLIKp1tTrI/WlewaC8czlXoG+Q==",
			"license": "MIT",
			"dependencies": {
				"fable-serviceproviderbase": "^3.0.17"
			}
		},
		"node_modules/fable-serviceproviderbase": {
			"version": "3.0.18",
			"resolved": "https://registry.npmjs.org/fable-serviceproviderbase/-/fable-serviceproviderbase-3.0.18.tgz",
			"integrity": "sha512-9KJ+SilrXO4Enxjj4p6f+/44rQ7J+3auHuKYznh9HzM8N8Wcx3dKh6pDE+DIRaPjSbFCsWzMMSUo6hFQ3ytY9Q==",
			"license": "MIT"
		},
		"node_modules/fable-settings": {
			"version": "3.0.15",
			"resolved": "https://registry.npmjs.org/fable-settings/-/fable-settings-3.0.15.tgz",
			"integrity": "sha512-K/toFAZ1cou0MN5FxPsUm2hmGObWmWtzaaq1B/VMFfXGyJGdZk3EwKn8mI1E+Jq+xM5UjoChNE5v16CURWOT+g==",
			"license": "MIT",
			"dependencies": {
				"fable-serviceproviderbase": "^3.0.17",
				"precedent": "^1.0.15"
			}
		},
		"node_modules/fable-uuid": {
			"version": "3.0.12",
			"resolved": "https://registry.npmjs.org/fable-uuid/-/fable-uuid-3.0.12.tgz",
			"integrity": "sha512-oyOfXZfr6Y/ziLXedS+kMgdz6ChRoL6iJrfIIAJOVnpGOP2oBzlvgbNirBntgqcJLeRnjymNeJKFL08lMMBWJA==",
			"license": "MIT",
			"dependencies": {
				"fable-serviceproviderbase": "^3.0.17"
			}
		},
		"node_modules/manyfest": {
			"version": "1.0.46",
			"resolved": "https://registry.npmjs.org/manyfest/-/manyfest-1.0.46.tgz",
			"integrity": "sha512-NStsQ1dEqXuLUmQgcq+5tJrcz5B8EUgSCMLSPExiEVIKxDOZSoM+rN5+5ttKyD1/6XC6RMY+wY1y8WY+TCf+HA==",
			"license": "MIT",
			"dependencies": {
				"fable-serviceproviderbase": "^3.0.17"
			}
		},
		"node_modules/mimic-response": {
			"version": "3.1.0",
			"resolved": "https://registry.npmjs.org/mimic-response/-/mimic-response-3.1.0.tgz",
			"integrity": "sha512-z0yWI+4FDrrweS8Zmt4Ej5HdJmky15+L2e6Wgn3+iK5fWzb6T3fhNFq2+MeTRb064c6Wr4N/wv0DzQTjNzHNGQ==",
			"license": "MIT",
			"engines": {
				"node": ">=10"
			},
			"funding": {
				"url": "https://github.com/sponsors/sindresorhus"
			}
		},
		"node_modules/once": {
			"version": "1.4.0",
			"resolved": "https://registry.npmjs.org/once/-/once-1.4.0.tgz",
			"integrity": "sha512-lNaJgI+2Q5URQBkccEKHTQOPaXdUxnZZElQTZY0MFUAuaEqe1E+Nyvgdz/aIyNi6Z9MzO5dv1H8n58/GELp3+w==",
			"license": "ISC",
			"dependencies": {
				"wrappy": "1"
			}
		},
		"node_modules/pict": {
			"version": "1.0.350",
			"resolved": "https://registry.npmjs.org/pict/-/pict-1.0.350.tgz",
			"integrity": "sha512-QOgqxD0gvrJJEhxcBUSWFAyeslR5eH52klRo3W0urVVl7G9S4DUKJiX4iJoWnig0p65c3qxndZMeHg3iGTLjHg==",
			"license": "MIT",
			"dependencies": {
				"cachetrax": "^1.0.5",
				"fable": "^3.1.58",
				"pict-application": "^1.0.32",
				"pict-provider": "^1.0.10",
				"pict-template": "^1.0.14",
				"pict-view": "^1.0.66"
			}
		},
		"node_modules/pict-application": {
			"version": "1.0.32",
			"resolved": "https://registry.npmjs.org/pict-application/-/pict-application-1.0.32.tgz",
			"integrity": "sha512-aTNrFC1I7FMDOC7+3WcZaijn/p2qC4hIoP45x0Myw9324DJ07o1ULQXqisP/XH0e6gH2OTyx3tS/pfHMpx4AEw==",
			"license": "MIT",
			"dependencies": {
				"fable-serviceproviderbase": "^3.0.18"
			}
		},
		"node_modules/pict-provider": {
			"version": "1.0.10",
			"resolved": "https://registry.npmjs.org/pict-provider/-/pict-provider-1.0.10.tgz",
			"integrity": "sha512-p8RqxRAEg+JRExhnZXzr9c/vY3+292/pEIBc3yXXVLyC81v0t4FoGaquqpuW1hPeFS06KX864urqi6UzutN2Hg==",
			"license": "MIT",
			"dependencies": {
				"fable-serviceproviderbase": "^3.0.18"
			}
		},
		"node_modules/pict-template": {
			"version": "1.0.14",
			"resolved": "https://registry.npmjs.org/pict-template/-/pict-template-1.0.14.tgz",
			"integrity": "sha512-35eUoSXoSLHX7iq2J/2AL9L3RPsLIu/1hsQXLb3TRvDEf10vzpEr0XTd9fQ0jtireE/FkRW/TNKfjjOncuWPHw==",
			"license": "MIT",
			"dependencies": {
				"fable-serviceproviderbase": "^3.0.18"
			}
		},
		"node_modules/pict-view": {
			"version": "1.0.66",
			"resolved": "https://registry.npmjs.org/pict-view/-/pict-view-1.0.66.tgz",
			"integrity": "sha512-tfKuQOJPXYeTrMb/4/4pWoH4UR8ydBwum7IUkgvfDOOlzjcFSIuHFJbQmDfJMALChQlyzWYKX/IyMYTqUWfGHg==",
			"license": "MIT",
			"dependencies": {
				"fable": "^3.1.57",
				"fable-serviceproviderbase": "^3.0.18"
			}
		},
		"node_modules/precedent": {
			"version": "1.0.16",
			"resolved": "https://registry.npmjs.org/precedent/-/precedent-1.0.16.tgz",
			"integrity": "sha512-USgSA6tKweeTHjTOUFbD9HXMmh9t4+SECK7jam72tDlL+b7yt7IIaw5FXPmQ2DqQ0Cs2qdGlnMI4s7hokpzDmg==",
			"license": "MIT",
			"bin": {
				"precedent": "bin/Precedent"
			}
		},
		"node_modules/simple-concat": {
			"version": "1.0.1",
			"resolved": "https://registry.npmjs.org/simple-concat/-/simple-concat-1.0.1.tgz",
			"integrity": "sha512-cSFtAPtRhljv69IK0hTVZQ+OfE9nePi/rtJmw5UjHeVyVroEqJXP1sFztKUy1qU+xvz3u/sfYJLa947b7nAN2Q==",
			"funding": [
				{
					"type": "github",
					"url": "https://github.com/sponsors/feross"
				},
				{
					"type": "patreon",
					"url": "https://www.patreon.com/feross"
				},
				{
					"type": "consulting",
					"url": "https://feross.org/support"
				}
			],
			"license": "MIT"
		},
		"node_modules/simple-get": {
			"version": "4.0.1",
			"resolved": "https://registry.npmjs.org/simple-get/-/simple-get-4.0.1.tgz",
			"integrity": "sha512-brv7p5WgH0jmQJr1ZDDfKDOSeWWg+OVypG99A/5vYGPqJ6pxiaHLy8nxtFjBA7oMa01ebA9gfh1uMCFqOuXxvA==",
			"funding": [
				{
					"type": "github",
					"url": "https://github.com/sponsors/feross"
				},
				{
					"type": "patreon",
					"url": "https://www.patreon.com/feross"
				},
				{
					"type": "consulting",
					"url": "https://feross.org/support"
				}
			],
			"license": "MIT",
			"dependencies": {
				"decompress-response": "^6.0.0",
				"once": "^1.3.1",
				"simple-concat": "^1.0.0"
			}
		},
		"node_modules/wrappy": {
			"version": "1.0.2",
			"resolved": "https://registry.npmjs.org/wrappy/-/wrappy-1.0.2.tgz",
			"integrity": "sha512-l4Sp/DRseor9wL6EvV2+TuQn63dMkPjZ/sp9XkghTEbV9KlPS1xUsZ3u7/IQO4wxtcFB4bgpQPRcR3QCvezPcQ==",
			"license": "ISC"
		}
	}
}
